
Microsoft Visual Studio Solution File, Format Version 12.00
# Visual Studio Version 16
VisualStudioVersion = 16.0.29728.190
MinimumVisualStudioVersion = 10.0.40219.1
Project("{FAE04EC0-301F-11D3-BF4B-00C04F79EFBC}") = "ZLink", "ZLink\ZLink.csproj", "{45FAC2DB-5C97-43F2-BDF0-764F20419914}"
EndProject
Global
	GlobalSection(SolutionConfigurationPlatforms) = preSolution
		Debug|Any CPU = Debug|Any CPU
		Release|Any CPU = Release|Any CPU
	EndGlobalSection
	GlobalSection(ProjectConfigurationPlatforms) = postSolution
		{45FAC2DB-5C97-43F2-BDF0-764F20419914}.Debug|Any CPU.ActiveCfg = Debug|Any CPU
		{45FAC2DB-5C97-43F2-BDF0-764F20419914}.Debug|Any CPU.Build.0 = Debug|Any CPU
		{45FAC2DB-5C97-43F2-BDF0-764F20419914}.Release|Any CPU.ActiveCfg = Release|Any CPU
		{45FAC2DB-5C97-43F2-BDF0-764F20419914}.Release|Any CPU.Build.0 = Release|Any CPU
	EndGlobalSection
	GlobalSection(SolutionProperties) = preSolution
		HideSolutionNode = FALSE
	EndGlobalSection
	GlobalSection(ExtensibilityGlobals) = postSolution
		SolutionGuid = {D7564D9E-D8BB-4D26-9718-E46888823BF6}
	EndGlobalSection
EndGlobal
